// !$*UTF8*$!
{
	archiveVersion = 1;
	classes = {
	};
	objectVersion = 46;
	objects = {

/* Begin PBXBuildFile section */
		1A88B2641FC3D9C9005C14AE /* Images.xcassets in Resources */ = {isa = PBXBuildFile; fileRef = 1A88B2631FC3D9C9005C14AE /* Images.xcassets */; };
		1AC6FB21180E996B004C840B /* libcocos2d Mac.a in Frameworks */ = {isa = PBXBuildFile; fileRef = 1AC6FAF9180E9839004C840B /* libcocos2d Mac.a */; };
		1AC6FB30180E99EB004C840B /* libcocos2d iOS.a in Frameworks */ = {isa = PBXBuildFile; fileRef = 1AC6FB07180E9839004C840B /* libcocos2d iOS.a */; };
		1AF87B781F6F77F7007BE51C /* AppController.mm in Sources */ = {isa = PBXBuildFile; fileRef = 1AF87B481F6F77D6007BE51C /* AppController.mm */; };
		1AF87B881F6F781D007BE51C /* LaunchScreen.storyboard in Resources */ = {isa = PBXBuildFile; fileRef = 1AF87B591F6F77D6007BE51C /* LaunchScreen.storyboard */; };
		1AF87B891F6F781D007BE51C /* LaunchScreenBackground.png in Resources */ = {isa = PBXBuildFile; fileRef = 1AF87B5A1F6F77D6007BE51C /* LaunchScreenBackground.png */; };
		1AF87B8A1F6F7822007BE51C /* main.m in Sources */ = {isa = PBXBuildFile; fileRef = 1AF87B5B1F6F77D6007BE51C /* main.m */; };
		1AF87B8B1F6F782A007BE51C /* RootViewController.mm in Sources */ = {isa = PBXBuildFile; fileRef = 1AF87B5E1F6F77D6007BE51C /* RootViewController.mm */; };
		1D60589F0D05DD5A006BFB54 /* Foundation.framework in Frameworks */ = {isa = PBXBuildFile; fileRef = 1D30AB110D05D00D00671497 /* Foundation.framework */; };
		1DF5F4E00D08C38300B7A737 /* UIKit.framework in Frameworks */ = {isa = PBXBuildFile; fileRef = 1DF5F4DF0D08C38300B7A737 /* UIKit.framework */; };
		288765A50DF7441C002DB57D /* CoreGraphics.framework in Frameworks */ = {isa = PBXBuildFile; fileRef = 288765A40DF7441C002DB57D /* CoreGraphics.framework */; };
		294D0D641D0D56D500F7F5D4 /* CoreText.framework in Frameworks */ = {isa = PBXBuildFile; fileRef = 294D0D631D0D56D500F7F5D4 /* CoreText.framework */; };
		3EACC98F19EE6D4300EB3C5E /* res in Resources */ = {isa = PBXBuildFile; fileRef = 3EACC98E19EE6D4300EB3C5E /* res */; };
		3EACC99019EE6D4300EB3C5E /* res in Resources */ = {isa = PBXBuildFile; fileRef = 3EACC98E19EE6D4300EB3C5E /* res */; };
		46880B8819C43A87006E1F66 /* AppDelegate.cpp in Sources */ = {isa = PBXBuildFile; fileRef = 46880B8419C43A87006E1F66 /* AppDelegate.cpp */; };
		46880B8919C43A87006E1F66 /* AppDelegate.cpp in Sources */ = {isa = PBXBuildFile; fileRef = 46880B8419C43A87006E1F66 /* AppDelegate.cpp */; };
		503AE0F817EB97AB00D1A890 /* Icon.icns in Resources */ = {isa = PBXBuildFile; fileRef = 503AE0F617EB97AB00D1A890 /* Icon.icns */; };
		503AE10517EB98FF00D1A890 /* main.cpp in Sources */ = {isa = PBXBuildFile; fileRef = 503AE10317EB98FF00D1A890 /* main.cpp */; };
		503AE11B17EB9C5A00D1A890 /* IOKit.framework in Frameworks */ = {isa = PBXBuildFile; fileRef = 503AE11A17EB9C5A00D1A890 /* IOKit.framework */; };
		5087E76317EB910900C73F5D /* Foundation.framework in Frameworks */ = {isa = PBXBuildFile; fileRef = 1D30AB110D05D00D00671497 /* Foundation.framework */; };
		5087E76717EB910900C73F5D /* libz.dylib in Frameworks */ = {isa = PBXBuildFile; fileRef = BF170DB412928DE900B8313A /* libz.dylib */; };
		5087E76817EB910900C73F5D /* QuartzCore.framework in Frameworks */ = {isa = PBXBuildFile; fileRef = BF1C47EA1293683800B63C5D /* QuartzCore.framework */; };
		5087E76917EB910900C73F5D /* OpenAL.framework in Frameworks */ = {isa = PBXBuildFile; fileRef = D44C620B132DFF330009C878 /* OpenAL.framework */; };
		5087E76A17EB910900C73F5D /* AVFoundation.framework in Frameworks */ = {isa = PBXBuildFile; fileRef = D44C620D132DFF430009C878 /* AVFoundation.framework */; };
		5087E76B17EB910900C73F5D /* AudioToolbox.framework in Frameworks */ = {isa = PBXBuildFile; fileRef = D44C620F132DFF4E0009C878 /* AudioToolbox.framework */; };
		5087E78917EB974C00C73F5D /* AppKit.framework in Frameworks */ = {isa = PBXBuildFile; fileRef = 5087E78817EB974C00C73F5D /* AppKit.framework */; };
		5087E78B17EB975400C73F5D /* OpenGL.framework in Frameworks */ = {isa = PBXBuildFile; fileRef = 5087E78A17EB975400C73F5D /* OpenGL.framework */; };
		521A8EA919F11F5000D177D7 /* fonts in Resources */ = {isa = PBXBuildFile; fileRef = 521A8EA819F11F5000D177D7 /* fonts */; };
		521A8EAA19F11F5000D177D7 /* fonts in Resources */ = {isa = PBXBuildFile; fileRef = 521A8EA819F11F5000D177D7 /* fonts */; };
		52B47A471A53D09C004E4C60 /* Security.framework in Frameworks */ = {isa = PBXBuildFile; fileRef = 52B47A461A53D09B004E4C60 /* Security.framework */; };
		707125432212A95A00B003C2 /* spineboy.png in Resources */ = {isa = PBXBuildFile; fileRef = 7071253F2212A95A00B003C2 /* spineboy.png */; };
		707125442212A95A00B003C2 /* spineboy-pro.json in Resources */ = {isa = PBXBuildFile; fileRef = 707125412212A95A00B003C2 /* spineboy-pro.json */; };
		707125452212A95A00B003C2 /* spineboy.atlas in Resources */ = {isa = PBXBuildFile; fileRef = 707125422212A95A00B003C2 /* spineboy.atlas */; };
		70877ABF21FD523500C4DF4A /* Comet.plist in Resources */ = {isa = PBXBuildFile; fileRef = 70877ABA21FD523500C4DF4A /* Comet.plist */; };
		70877AC021FD523500C4DF4A /* 25.png in Resources */ = {isa = PBXBuildFile; fileRef = 70877ABB21FD523500C4DF4A /* 25.png */; };
		70877AC121FD523500C4DF4A /* testAnimationResource in Resources */ = {isa = PBXBuildFile; fileRef = 70877ABC21FD523500C4DF4A /* testAnimationResource */; };
		70877AC221FD523500C4DF4A /* 01.png in Resources */ = {isa = PBXBuildFile; fileRef = 70877ABD21FD523500C4DF4A /* 01.png */; };
		70877AC321FD523500C4DF4A /* DemoPlayer.csb in Resources */ = {isa = PBXBuildFile; fileRef = 70877ABE21FD523500C4DF4A /* DemoPlayer.csb */; };
		70877AC621FDB7D200C4DF4A /* MathAide.cpp in Sources */ = {isa = PBXBuildFile; fileRef = 70877AC421FDB7D200C4DF4A /* MathAide.cpp */; };
		7096D33E22277F12001B3108 /* Effect.cpp in Sources */ = {isa = PBXBuildFile; fileRef = 7096D33C22277F12001B3108 /* Effect.cpp */; };
		7096D3422227806D001B3108 /* HitEffectLayer.cpp in Sources */ = {isa = PBXBuildFile; fileRef = 7096D3402227806D001B3108 /* HitEffectLayer.cpp */; };
		7096D344222781F0001B3108 /* hurt in Resources */ = {isa = PBXBuildFile; fileRef = 7096D343222781F0001B3108 /* hurt */; };
		7096D3472227DF4D001B3108 /* HallScene.cpp in Sources */ = {isa = PBXBuildFile; fileRef = 7096D3452227DF4D001B3108 /* HallScene.cpp */; };
		70AF2BC222252A16008593FD /* aim_point.png in Resources */ = {isa = PBXBuildFile; fileRef = 70AF2BC022252A16008593FD /* aim_point.png */; };
		8262943E1AAF051F00CB7CF7 /* Security.framework in Frameworks */ = {isa = PBXBuildFile; fileRef = 8262943D1AAF051F00CB7CF7 /* Security.framework */; };
		BF171245129291EC00B8313A /* OpenGLES.framework in Frameworks */ = {isa = PBXBuildFile; fileRef = BF170DB012928DE900B8313A /* OpenGLES.framework */; };
		BF1712471292920000B8313A /* libz.dylib in Frameworks */ = {isa = PBXBuildFile; fileRef = BF170DB412928DE900B8313A /* libz.dylib */; };
		BF1C47F01293687400B63C5D /* QuartzCore.framework in Frameworks */ = {isa = PBXBuildFile; fileRef = BF1C47EA1293683800B63C5D /* QuartzCore.framework */; };
		D44C620C132DFF330009C878 /* OpenAL.framework in Frameworks */ = {isa = PBXBuildFile; fileRef = D44C620B132DFF330009C878 /* OpenAL.framework */; };
		D44C620E132DFF430009C878 /* AVFoundation.framework in Frameworks */ = {isa = PBXBuildFile; fileRef = D44C620D132DFF430009C878 /* AVFoundation.framework */; };
		D44C6210132DFF4E0009C878 /* AudioToolbox.framework in Frameworks */ = {isa = PBXBuildFile; fileRef = D44C620F132DFF4E0009C878 /* AudioToolbox.framework */; };
		D6B0611B1803AB670077942B /* CoreMotion.framework in Frameworks */ = {isa = PBXBuildFile; fileRef = D6B0611A1803AB670077942B /* CoreMotion.framework */; };
		ED545A7C1B68A1F400C3958E /* libiconv.dylib in Frameworks */ = {isa = PBXBuildFile; fileRef = ED545A7B1B68A1F400C3958E /* libiconv.dylib */; };
		ED545A7E1B68A1FA00C3958E /* libiconv.dylib in Frameworks */ = {isa = PBXBuildFile; fileRef = ED545A7D1B68A1FA00C3958E /* libiconv.dylib */; };
		FA22A2ED21D3303700ACE9C3 /* CurveLayer.cpp in Sources */ = {isa = PBXBuildFile; fileRef = FA22A2EB21D3303700ACE9C3 /* CurveLayer.cpp */; };
		FA22A2F121D3321300ACE9C3 /* SpearCurve.cpp in Sources */ = {isa = PBXBuildFile; fileRef = FA22A2EF21D3321300ACE9C3 /* SpearCurve.cpp */; };
		FA30235221BE060E00762A05 /* ClientLogic.cpp in Sources */ = {isa = PBXBuildFile; fileRef = FA30235021BE060E00762A05 /* ClientLogic.cpp */; };
		FA30238021BE06BF00762A05 /* aes.cpp in Sources */ = {isa = PBXBuildFile; fileRef = FA30235921BE06BD00762A05 /* aes.cpp */; };
		FA30238121BE06BF00762A05 /* base64.cpp in Sources */ = {isa = PBXBuildFile; fileRef = FA30235B21BE06BD00762A05 /* base64.cpp */; };
		FA30238221BE06BF00762A05 /* MD5.cpp in Sources */ = {isa = PBXBuildFile; fileRef = FA30235D21BE06BD00762A05 /* MD5.cpp */; };
		FA30238321BE06BF00762A05 /* coAes.cpp in Sources */ = {isa = PBXBuildFile; fileRef = FA30235F21BE06BD00762A05 /* coAes.cpp */; };
		FA30238421BE06BF00762A05 /* coBase64.cpp in Sources */ = {isa = PBXBuildFile; fileRef = FA30236121BE06BD00762A05 /* coBase64.cpp */; };
		FA30238521BE06BF00762A05 /* coMD5.cpp in Sources */ = {isa = PBXBuildFile; fileRef = FA30236321BE06BD00762A05 /* coMD5.cpp */; };
		FA30238621BE06BF00762A05 /* RotateAction.cpp in Sources */ = {isa = PBXBuildFile; fileRef = FA30236621BE06BD00762A05 /* RotateAction.cpp */; };
		FA30238721BE06BF00762A05 /* TimeUtil.cpp in Sources */ = {isa = PBXBuildFile; fileRef = FA30236721BE06BD00762A05 /* TimeUtil.cpp */; };
		FA30238821BE06BF00762A05 /* GameReader.cpp in Sources */ = {isa = PBXBuildFile; fileRef = FA30236921BE06BD00762A05 /* GameReader.cpp */; };
		FA30238921BE06BF00762A05 /* ShardeArmature.cpp in Sources */ = {isa = PBXBuildFile; fileRef = FA30236B21BE06BE00762A05 /* ShardeArmature.cpp */; };
		FA30238A21BE06BF00762A05 /* ShardeEffect.cpp in Sources */ = {isa = PBXBuildFile; fileRef = FA30236D21BE06BE00762A05 /* ShardeEffect.cpp */; };
		FA30238B21BE06BF00762A05 /* ShardeEffectBlur.cpp in Sources */ = {isa = PBXBuildFile; fileRef = FA30236F21BE06BE00762A05 /* ShardeEffectBlur.cpp */; };
		FA30238C21BE06BF00762A05 /* ShardeEffectGrey.cpp in Sources */ = {isa = PBXBuildFile; fileRef = FA30237121BE06BE00762A05 /* ShardeEffectGrey.cpp */; };
		FA30238D21BE06BF00762A05 /* ShardeEffectNone.cpp in Sources */ = {isa = PBXBuildFile; fileRef = FA30237321BE06BE00762A05 /* ShardeEffectNone.cpp */; };
		FA30238E21BE06BF00762A05 /* ShardeEffectShine.cpp in Sources */ = {isa = PBXBuildFile; fileRef = FA30237521BE06BE00762A05 /* ShardeEffectShine.cpp */; };
		FA30238F21BE06BF00762A05 /* ShardeSprite.cpp in Sources */ = {isa = PBXBuildFile; fileRef = FA30237721BE06BE00762A05 /* ShardeSprite.cpp */; };
		FA30239021BE06BF00762A05 /* GameUtils.cpp in Sources */ = {isa = PBXBuildFile; fileRef = FA30237921BE06BE00762A05 /* GameUtils.cpp */; };
		FA30239121BE06BF00762A05 /* StringData.cpp in Sources */ = {isa = PBXBuildFile; fileRef = FA30237C21BE06BE00762A05 /* StringData.cpp */; };
		FA30239221BE06BF00762A05 /* libs.cpp in Sources */ = {isa = PBXBuildFile; fileRef = FA30237E21BE06BE00762A05 /* libs.cpp */; };
		FA30239521BE088E00762A05 /* SystemLogic.cpp in Sources */ = {isa = PBXBuildFile; fileRef = FA30239321BE088E00762A05 /* SystemLogic.cpp */; };
		FA30239821BE096000762A05 /* Load.cpp in Sources */ = {isa = PBXBuildFile; fileRef = FA30239621BE095F00762A05 /* Load.cpp */; };
		FA30239B21BE0D9800762A05 /* UIManager.cpp in Sources */ = {isa = PBXBuildFile; fileRef = FA30239921BE0D9800762A05 /* UIManager.cpp */; };
		FA30239F21BE106B00762A05 /* GameScene.cpp in Sources */ = {isa = PBXBuildFile; fileRef = FA30239D21BE106B00762A05 /* GameScene.cpp */; };
		FA3023A321BE154A00762A05 /* ActorLayer.cpp in Sources */ = {isa = PBXBuildFile; fileRef = FA3023A121BE154A00762A05 /* ActorLayer.cpp */; };
		FA3023A821BE163800762A05 /* Hero.cpp in Sources */ = {isa = PBXBuildFile; fileRef = FA3023A621BE163800762A05 /* Hero.cpp */; };
		FA3023AB21BE164B00762A05 /* Spear.cpp in Sources */ = {isa = PBXBuildFile; fileRef = FA3023A921BE164B00762A05 /* Spear.cpp */; };
		FA4A611921BF5BEB009A9003 /* GameCore.cpp in Sources */ = {isa = PBXBuildFile; fileRef = FA4A611721BF5BEB009A9003 /* GameCore.cpp */; };
		FA4A611C21BF6BDE009A9003 /* ProcessUIRequest.cpp in Sources */ = {isa = PBXBuildFile; fileRef = FA4A611B21BF6BDE009A9003 /* ProcessUIRequest.cpp */; };
		FA69648121D1FD6D00D4ECC6 /* baobingjianbody.png in Resources */ = {isa = PBXBuildFile; fileRef = FA69647F21D1FD6D00D4ECC6 /* baobingjianbody.png */; };
		FAEBACEC21CA7211003145BD /* DragLayer.cpp in Sources */ = {isa = PBXBuildFile; fileRef = FAEBACEA21CA7211003145BD /* DragLayer.cpp */; };
/* End PBXBuildFile section */

/* Begin PBXContainerItemProxy section */
		1A7533E21F6F75F6007E8E6F /* PBXContainerItemProxy */ = {
			isa = PBXContainerItemProxy;
			containerPortal = 1AC6FAE5180E9839004C840B /* cocos2d_libs.xcodeproj */;
			proxyType = 2;
			remoteGlobalIDString = 507B40FD1C31BDD30067B53E;
			remoteInfo = "libcocos2d tvOS";
		};
		1AC6FAF8180E9839004C840B /* PBXContainerItemProxy */ = {
			isa = PBXContainerItemProxy;
			containerPortal = 1AC6FAE5180E9839004C840B /* cocos2d_libs.xcodeproj */;
			proxyType = 2;
			remoteGlobalIDString = 1551A33F158F2AB200E66CFE;
			remoteInfo = "cocos2dx Mac";
		};
		1AC6FB06180E9839004C840B /* PBXContainerItemProxy */ = {
			isa = PBXContainerItemProxy;
			containerPortal = 1AC6FAE5180E9839004C840B /* cocos2d_libs.xcodeproj */;
			proxyType = 2;
			remoteGlobalIDString = A07A4D641783777C0073F6A7;
			remoteInfo = "cocos2dx iOS";
		};
		1AC6FB15180E9959004C840B /* PBXContainerItemProxy */ = {
			isa = PBXContainerItemProxy;
			containerPortal = 1AC6FAE5180E9839004C840B /* cocos2d_libs.xcodeproj */;
			proxyType = 1;
			remoteGlobalIDString = 1551A33E158F2AB200E66CFE;
			remoteInfo = "cocos2dx Mac";
		};
		1AC6FB24180E99E1004C840B /* PBXContainerItemProxy */ = {
			isa = PBXContainerItemProxy;
			containerPortal = 1AC6FAE5180E9839004C840B /* cocos2d_libs.xcodeproj */;
			proxyType = 1;
			remoteGlobalIDString = A07A4C241783777C0073F6A7;
			remoteInfo = "cocos2dx iOS";
		};
/* End PBXContainerItemProxy section */

/* Begin PBXFileReference section */
		1A88B2631FC3D9C9005C14AE /* Images.xcassets */ = {isa = PBXFileReference; lastKnownFileType = folder.assetcatalog; path = Images.xcassets; sourceTree = "<group>"; };
		1AC6FAE5180E9839004C840B /* cocos2d_libs.xcodeproj */ = {isa = PBXFileReference; lastKnownFileType = "wrapper.pb-project"; name = cocos2d_libs.xcodeproj; path = ../cocos2d/build/cocos2d_libs.xcodeproj; sourceTree = "<group>"; };
		1ACB3243164770DE00914215 /* libcurl.a */ = {isa = PBXFileReference; lastKnownFileType = archive.ar; name = libcurl.a; path = ../../cocos2dx/platform/third_party/ios/libraries/libcurl.a; sourceTree = "<group>"; };
		1AF87B471F6F77D6007BE51C /* AppController.h */ = {isa = PBXFileReference; lastKnownFileType = sourcecode.c.h; path = AppController.h; sourceTree = "<group>"; };
		1AF87B481F6F77D6007BE51C /* AppController.mm */ = {isa = PBXFileReference; lastKnownFileType = sourcecode.cpp.objcpp; path = AppController.mm; sourceTree = "<group>"; };
		1AF87B581F6F77D6007BE51C /* Info.plist */ = {isa = PBXFileReference; lastKnownFileType = text.plist.xml; path = Info.plist; sourceTree = "<group>"; };
		1AF87B591F6F77D6007BE51C /* LaunchScreen.storyboard */ = {isa = PBXFileReference; lastKnownFileType = file.storyboard; path = LaunchScreen.storyboard; sourceTree = "<group>"; };
		1AF87B5A1F6F77D6007BE51C /* LaunchScreenBackground.png */ = {isa = PBXFileReference; lastKnownFileType = image.png; path = LaunchScreenBackground.png; sourceTree = "<group>"; };
		1AF87B5B1F6F77D6007BE51C /* main.m */ = {isa = PBXFileReference; lastKnownFileType = sourcecode.c.objc; path = main.m; sourceTree = "<group>"; };
		1AF87B5C1F6F77D6007BE51C /* Prefix.pch */ = {isa = PBXFileReference; lastKnownFileType = sourcecode.c.h; path = Prefix.pch; sourceTree = "<group>"; };
		1AF87B5D1F6F77D6007BE51C /* RootViewController.h */ = {isa = PBXFileReference; lastKnownFileType = sourcecode.c.h; path = RootViewController.h; sourceTree = "<group>"; };
		1AF87B5E1F6F77D6007BE51C /* RootViewController.mm */ = {isa = PBXFileReference; lastKnownFileType = sourcecode.cpp.objcpp; path = RootViewController.mm; sourceTree = "<group>"; };
		1D30AB110D05D00D00671497 /* Foundation.framework */ = {isa = PBXFileReference; lastKnownFileType = wrapper.framework; name = Foundation.framework; path = System/Library/Frameworks/Foundation.framework; sourceTree = SDKROOT; };
		1D6058910D05DD3D006BFB54 /* foolishHero-mobile.app */ = {isa = PBXFileReference; explicitFileType = wrapper.application; includeInIndex = 0; path = "foolishHero-mobile.app"; sourceTree = BUILT_PRODUCTS_DIR; };
		1DF5F4DF0D08C38300B7A737 /* UIKit.framework */ = {isa = PBXFileReference; lastKnownFileType = wrapper.framework; name = UIKit.framework; path = System/Library/Frameworks/UIKit.framework; sourceTree = SDKROOT; };
		288765A40DF7441C002DB57D /* CoreGraphics.framework */ = {isa = PBXFileReference; lastKnownFileType = wrapper.framework; name = CoreGraphics.framework; path = System/Library/Frameworks/CoreGraphics.framework; sourceTree = SDKROOT; };
		294D0D631D0D56D500F7F5D4 /* CoreText.framework */ = {isa = PBXFileReference; lastKnownFileType = wrapper.framework; name = CoreText.framework; path = Platforms/iPhoneOS.platform/Developer/SDKs/iPhoneOS.sdk/System/Library/Frameworks/CoreText.framework; sourceTree = DEVELOPER_DIR; };
		3EACC98E19EE6D4300EB3C5E /* res */ = {isa = PBXFileReference; lastKnownFileType = folder; path = res; sourceTree = "<group>"; };
		46880B8419C43A87006E1F66 /* AppDelegate.cpp */ = {isa = PBXFileReference; fileEncoding = 4; lastKnownFileType = sourcecode.cpp.cpp; path = AppDelegate.cpp; sourceTree = "<group>"; };
		46880B8519C43A87006E1F66 /* AppDelegate.h */ = {isa = PBXFileReference; fileEncoding = 4; lastKnownFileType = sourcecode.c.h; path = AppDelegate.h; sourceTree = "<group>"; };
		503AE0F617EB97AB00D1A890 /* Icon.icns */ = {isa = PBXFileReference; lastKnownFileType = image.icns; path = Icon.icns; sourceTree = "<group>"; };
		503AE0F717EB97AB00D1A890 /* Info.plist */ = {isa = PBXFileReference; fileEncoding = 4; lastKnownFileType = text.plist.xml; path = Info.plist; sourceTree = "<group>"; };
		503AE10317EB98FF00D1A890 /* main.cpp */ = {isa = PBXFileReference; fileEncoding = 4; lastKnownFileType = sourcecode.cpp.cpp; name = main.cpp; path = mac/main.cpp; sourceTree = "<group>"; };
		503AE10417EB98FF00D1A890 /* Prefix.pch */ = {isa = PBXFileReference; fileEncoding = 4; lastKnownFileType = sourcecode.c.h; name = Prefix.pch; path = mac/Prefix.pch; sourceTree = "<group>"; };
		503AE11117EB99EE00D1A890 /* libcurl.dylib */ = {isa = PBXFileReference; lastKnownFileType = "compiled.mach-o.dylib"; name = libcurl.dylib; path = usr/lib/libcurl.dylib; sourceTree = SDKROOT; };
		503AE11A17EB9C5A00D1A890 /* IOKit.framework */ = {isa = PBXFileReference; lastKnownFileType = wrapper.framework; name = IOKit.framework; path = System/Library/Frameworks/IOKit.framework; sourceTree = SDKROOT; };
		5087E76F17EB910900C73F5D /* foolishHero-desktop.app */ = {isa = PBXFileReference; explicitFileType = wrapper.application; includeInIndex = 0; path = "foolishHero-desktop.app"; sourceTree = BUILT_PRODUCTS_DIR; };
		5087E78817EB974C00C73F5D /* AppKit.framework */ = {isa = PBXFileReference; lastKnownFileType = wrapper.framework; name = AppKit.framework; path = System/Library/Frameworks/AppKit.framework; sourceTree = SDKROOT; };
		5087E78A17EB975400C73F5D /* OpenGL.framework */ = {isa = PBXFileReference; lastKnownFileType = wrapper.framework; name = OpenGL.framework; path = System/Library/Frameworks/OpenGL.framework; sourceTree = SDKROOT; };
		521A8EA819F11F5000D177D7 /* fonts */ = {isa = PBXFileReference; lastKnownFileType = folder; path = fonts; sourceTree = "<group>"; };
		52B47A461A53D09B004E4C60 /* Security.framework */ = {isa = PBXFileReference; lastKnownFileType = wrapper.framework; name = Security.framework; path = Platforms/iPhoneOS.platform/Developer/SDKs/iPhoneOS.sdk/System/Library/Frameworks/Security.framework; sourceTree = DEVELOPER_DIR; };
		7071253F2212A95A00B003C2 /* spineboy.png */ = {isa = PBXFileReference; lastKnownFileType = image.png; path = spineboy.png; sourceTree = "<group>"; };
		707125412212A95A00B003C2 /* spineboy-pro.json */ = {isa = PBXFileReference; fileEncoding = 4; lastKnownFileType = text.json; path = "spineboy-pro.json"; sourceTree = "<group>"; };
		707125422212A95A00B003C2 /* spineboy.atlas */ = {isa = PBXFileReference; fileEncoding = 4; lastKnownFileType = text; path = spineboy.atlas; sourceTree = "<group>"; };
		70877ABA21FD523500C4DF4A /* Comet.plist */ = {isa = PBXFileReference; fileEncoding = 4; lastKnownFileType = text.plist.xml; path = Comet.plist; sourceTree = "<group>"; };
		70877ABB21FD523500C4DF4A /* 25.png */ = {isa = PBXFileReference; lastKnownFileType = image.png; path = 25.png; sourceTree = "<group>"; };
		70877ABC21FD523500C4DF4A /* testAnimationResource */ = {isa = PBXFileReference; lastKnownFileType = folder; path = testAnimationResource; sourceTree = "<group>"; };
		70877ABD21FD523500C4DF4A /* 01.png */ = {isa = PBXFileReference; lastKnownFileType = image.png; path = 01.png; sourceTree = "<group>"; };
		70877ABE21FD523500C4DF4A /* DemoPlayer.csb */ = {isa = PBXFileReference; lastKnownFileType = file; path = DemoPlayer.csb; sourceTree = "<group>"; };
		70877AC421FDB7D200C4DF4A /* MathAide.cpp */ = {isa = PBXFileReference; fileEncoding = 4; lastKnownFileType = sourcecode.cpp.cpp; path = MathAide.cpp; sourceTree = "<group>"; };
		70877AC521FDB7D200C4DF4A /* MathAide.h */ = {isa = PBXFileReference; fileEncoding = 4; lastKnownFileType = sourcecode.c.h; path = MathAide.h; sourceTree = "<group>"; };
		7096D33C22277F12001B3108 /* Effect.cpp */ = {isa = PBXFileReference; lastKnownFileType = sourcecode.cpp.cpp; path = Effect.cpp; sourceTree = "<group>"; };
		7096D33D22277F12001B3108 /* Effect.hpp */ = {isa = PBXFileReference; lastKnownFileType = sourcecode.cpp.h; path = Effect.hpp; sourceTree = "<group>"; };
		7096D3402227806D001B3108 /* HitEffectLayer.cpp */ = {isa = PBXFileReference; lastKnownFileType = sourcecode.cpp.cpp; path = HitEffectLayer.cpp; sourceTree = "<group>"; };
		7096D3412227806D001B3108 /* HitEffectLayer.hpp */ = {isa = PBXFileReference; lastKnownFileType = sourcecode.cpp.h; path = HitEffectLayer.hpp; sourceTree = "<group>"; };
		7096D343222781F0001B3108 /* hurt */ = {isa = PBXFileReference; lastKnownFileType = folder; path = hurt; sourceTree = "<group>"; };
		7096D3452227DF4D001B3108 /* HallScene.cpp */ = {isa = PBXFileReference; lastKnownFileType = sourcecode.cpp.cpp; path = HallScene.cpp; sourceTree = "<group>"; };
		7096D3462227DF4D001B3108 /* HallScene.hpp */ = {isa = PBXFileReference; lastKnownFileType = sourcecode.cpp.h; path = HallScene.hpp; sourceTree = "<group>"; };
		70AF2BC022252A16008593FD /* aim_point.png */ = {isa = PBXFileReference; lastKnownFileType = image.png; path = aim_point.png; sourceTree = "<group>"; };
		8262943D1AAF051F00CB7CF7 /* Security.framework */ = {isa = PBXFileReference; lastKnownFileType = wrapper.framework; name = Security.framework; path = System/Library/Frameworks/Security.framework; sourceTree = SDKROOT; };
		BF170DB012928DE900B8313A /* OpenGLES.framework */ = {isa = PBXFileReference; lastKnownFileType = wrapper.framework; name = OpenGLES.framework; path = System/Library/Frameworks/OpenGLES.framework; sourceTree = SDKROOT; };
		BF170DB412928DE900B8313A /* libz.dylib */ = {isa = PBXFileReference; lastKnownFileType = "compiled.mach-o.dylib"; name = libz.dylib; path = usr/lib/libz.dylib; sourceTree = SDKROOT; };
		BF1C47EA1293683800B63C5D /* QuartzCore.framework */ = {isa = PBXFileReference; lastKnownFileType = wrapper.framework; name = QuartzCore.framework; path = System/Library/Frameworks/QuartzCore.framework; sourceTree = SDKROOT; };
		D44C620B132DFF330009C878 /* OpenAL.framework */ = {isa = PBXFileReference; lastKnownFileType = wrapper.framework; name = OpenAL.framework; path = System/Library/Frameworks/OpenAL.framework; sourceTree = SDKROOT; };
		D44C620D132DFF430009C878 /* AVFoundation.framework */ = {isa = PBXFileReference; lastKnownFileType = wrapper.framework; name = AVFoundation.framework; path = System/Library/Frameworks/AVFoundation.framework; sourceTree = SDKROOT; };
		D44C620F132DFF4E0009C878 /* AudioToolbox.framework */ = {isa = PBXFileReference; lastKnownFileType = wrapper.framework; name = AudioToolbox.framework; path = System/Library/Frameworks/AudioToolbox.framework; sourceTree = SDKROOT; };
		D6B0611A1803AB670077942B /* CoreMotion.framework */ = {isa = PBXFileReference; lastKnownFileType = wrapper.framework; name = CoreMotion.framework; path = Platforms/iPhoneOS.platform/Developer/SDKs/iPhoneOS.sdk/System/Library/Frameworks/CoreMotion.framework; sourceTree = DEVELOPER_DIR; };
		ED545A7B1B68A1F400C3958E /* libiconv.dylib */ = {isa = PBXFileReference; lastKnownFileType = "compiled.mach-o.dylib"; name = libiconv.dylib; path = Platforms/iPhoneOS.platform/Developer/SDKs/iPhoneOS.sdk/usr/lib/libiconv.dylib; sourceTree = DEVELOPER_DIR; };
		ED545A7D1B68A1FA00C3958E /* libiconv.dylib */ = {isa = PBXFileReference; lastKnownFileType = "compiled.mach-o.dylib"; name = libiconv.dylib; path = usr/lib/libiconv.dylib; sourceTree = SDKROOT; };
		FA22A2EB21D3303700ACE9C3 /* CurveLayer.cpp */ = {isa = PBXFileReference; lastKnownFileType = sourcecode.cpp.cpp; path = CurveLayer.cpp; sourceTree = "<group>"; };
		FA22A2EC21D3303700ACE9C3 /* CurveLayer.hpp */ = {isa = PBXFileReference; lastKnownFileType = sourcecode.cpp.h; path = CurveLayer.hpp; sourceTree = "<group>"; };
		FA22A2EF21D3321300ACE9C3 /* SpearCurve.cpp */ = {isa = PBXFileReference; lastKnownFileType = sourcecode.cpp.cpp; path = SpearCurve.cpp; sourceTree = "<group>"; };
		FA22A2F021D3321300ACE9C3 /* SpearCurve.hpp */ = {isa = PBXFileReference; lastKnownFileType = sourcecode.cpp.h; path = SpearCurve.hpp; sourceTree = "<group>"; };
		FA30233F21BE02DB00762A05 /* CSProtocol.h */ = {isa = PBXFileReference; fileEncoding = 4; lastKnownFileType = sourcecode.c.h; path = CSProtocol.h; sourceTree = "<group>"; };
		FA30234021BE02DB00762A05 /* ELProtocol.h */ = {isa = PBXFileReference; fileEncoding = 4; lastKnownFileType = sourcecode.c.h; path = ELProtocol.h; sourceTree = "<group>"; };
		FA30234121BE02DB00762A05 /* EventDefine.h */ = {isa = PBXFileReference; fileEncoding = 4; lastKnownFileType = sourcecode.c.h; path = EventDefine.h; sourceTree = "<group>"; };
		FA30234221BE02DB00762A05 /* GameDefine.h */ = {isa = PBXFileReference; fileEncoding = 4; lastKnownFileType = sourcecode.c.h; path = GameDefine.h; sourceTree = "<group>"; };
		FA30234321BE02DB00762A05 /* NETProtocol.h */ = {isa = PBXFileReference; fileEncoding = 4; lastKnownFileType = sourcecode.c.h; path = NETProtocol.h; sourceTree = "<group>"; };
		FA30234421BE02DB00762A05 /* TLProtocol.h */ = {isa = PBXFileReference; fileEncoding = 4; lastKnownFileType = sourcecode.c.h; path = TLProtocol.h; sourceTree = "<group>"; };
		FA30235021BE060E00762A05 /* ClientLogic.cpp */ = {isa = PBXFileReference; lastKnownFileType = sourcecode.cpp.cpp; path = ClientLogic.cpp; sourceTree = "<group>"; };
		FA30235121BE060E00762A05 /* ClientLogic.hpp */ = {isa = PBXFileReference; lastKnownFileType = sourcecode.cpp.h; path = ClientLogic.hpp; sourceTree = "<group>"; };
		FA30235321BE06BD00762A05 /* TimeUtil.h */ = {isa = PBXFileReference; fileEncoding = 4; lastKnownFileType = sourcecode.c.h; path = TimeUtil.h; sourceTree = "<group>"; };
		FA30235421BE06BD00762A05 /* RotateAction.h */ = {isa = PBXFileReference; fileEncoding = 4; lastKnownFileType = sourcecode.c.h; path = RotateAction.h; sourceTree = "<group>"; };
		FA30235621BE06BD00762A05 /* libs.h */ = {isa = PBXFileReference; fileEncoding = 4; lastKnownFileType = sourcecode.c.h; path = libs.h; sourceTree = "<group>"; };
		FA30235921BE06BD00762A05 /* aes.cpp */ = {isa = PBXFileReference; fileEncoding = 4; lastKnownFileType = sourcecode.cpp.cpp; path = aes.cpp; sourceTree = "<group>"; };
		FA30235A21BE06BD00762A05 /* aes.h */ = {isa = PBXFileReference; fileEncoding = 4; lastKnownFileType = sourcecode.c.h; path = aes.h; sourceTree = "<group>"; };
		FA30235B21BE06BD00762A05 /* base64.cpp */ = {isa = PBXFileReference; fileEncoding = 4; lastKnownFileType = sourcecode.cpp.cpp; path = base64.cpp; sourceTree = "<group>"; };
		FA30235C21BE06BD00762A05 /* base64.h */ = {isa = PBXFileReference; fileEncoding = 4; lastKnownFileType = sourcecode.c.h; path = base64.h; sourceTree = "<group>"; };
		FA30235D21BE06BD00762A05 /* MD5.cpp */ = {isa = PBXFileReference; fileEncoding = 4; lastKnownFileType = sourcecode.cpp.cpp; path = MD5.cpp; sourceTree = "<group>"; };
		FA30235E21BE06BD00762A05 /* MD5.h */ = {isa = PBXFileReference; fileEncoding = 4; lastKnownFileType = sourcecode.c.h; path = MD5.h; sourceTree = "<group>"; };
		FA30235F21BE06BD00762A05 /* coAes.cpp */ = {isa = PBXFileReference; fileEncoding = 4; lastKnownFileType = sourcecode.cpp.cpp; path = coAes.cpp; sourceTree = "<group>"; };
		FA30236021BE06BD00762A05 /* coAes.h */ = {isa = PBXFileReference; fileEncoding = 4; lastKnownFileType = sourcecode.c.h; path = coAes.h; sourceTree = "<group>"; };
		FA30236121BE06BD00762A05 /* coBase64.cpp */ = {isa = PBXFileReference; fileEncoding = 4; lastKnownFileType = sourcecode.cpp.cpp; path = coBase64.cpp; sourceTree = "<group>"; };
		FA30236221BE06BD00762A05 /* coBase64.h */ = {isa = PBXFileReference; fileEncoding = 4; lastKnownFileType = sourcecode.c.h; path = coBase64.h; sourceTree = "<group>"; };
		FA30236321BE06BD00762A05 /* coMD5.cpp */ = {isa = PBXFileReference; fileEncoding = 4; lastKnownFileType = sourcecode.cpp.cpp; path = coMD5.cpp; sourceTree = "<group>"; };
		FA30236421BE06BD00762A05 /* coMD5.h */ = {isa = PBXFileReference; fileEncoding = 4; lastKnownFileType = sourcecode.c.h; path = coMD5.h; sourceTree = "<group>"; };
		FA30236521BE06BD00762A05 /* cryptHeader.h */ = {isa = PBXFileReference; fileEncoding = 4; lastKnownFileType = sourcecode.c.h; path = cryptHeader.h; sourceTree = "<group>"; };
		FA30236621BE06BD00762A05 /* RotateAction.cpp */ = {isa = PBXFileReference; fileEncoding = 4; lastKnownFileType = sourcecode.cpp.cpp; path = RotateAction.cpp; sourceTree = "<group>"; };
		FA30236721BE06BD00762A05 /* TimeUtil.cpp */ = {isa = PBXFileReference; fileEncoding = 4; lastKnownFileType = sourcecode.cpp.cpp; path = TimeUtil.cpp; sourceTree = "<group>"; };
		FA30236921BE06BD00762A05 /* GameReader.cpp */ = {isa = PBXFileReference; fileEncoding = 4; lastKnownFileType = sourcecode.cpp.cpp; path = GameReader.cpp; sourceTree = "<group>"; };
		FA30236B21BE06BE00762A05 /* ShardeArmature.cpp */ = {isa = PBXFileReference; fileEncoding = 4; lastKnownFileType = sourcecode.cpp.cpp; path = ShardeArmature.cpp; sourceTree = "<group>"; };
		FA30236C21BE06BE00762A05 /* ShardeArmature.h */ = {isa = PBXFileReference; fileEncoding = 4; lastKnownFileType = sourcecode.c.h; path = ShardeArmature.h; sourceTree = "<group>"; };
		FA30236D21BE06BE00762A05 /* ShardeEffect.cpp */ = {isa = PBXFileReference; fileEncoding = 4; lastKnownFileType = sourcecode.cpp.cpp; path = ShardeEffect.cpp; sourceTree = "<group>"; };
		FA30236E21BE06BE00762A05 /* ShardeEffect.h */ = {isa = PBXFileReference; fileEncoding = 4; lastKnownFileType = sourcecode.c.h; path = ShardeEffect.h; sourceTree = "<group>"; };
		FA30236F21BE06BE00762A05 /* ShardeEffectBlur.cpp */ = {isa = PBXFileReference; fileEncoding = 4; lastKnownFileType = sourcecode.cpp.cpp; path = ShardeEffectBlur.cpp; sourceTree = "<group>"; };
		FA30237021BE06BE00762A05 /* ShardeEffectBlur.h */ = {isa = PBXFileReference; fileEncoding = 4; lastKnownFileType = sourcecode.c.h; path = ShardeEffectBlur.h; sourceTree = "<group>"; };
		FA30237121BE06BE00762A05 /* ShardeEffectGrey.cpp */ = {isa = PBXFileReference; fileEncoding = 4; lastKnownFileType = sourcecode.cpp.cpp; path = ShardeEffectGrey.cpp; sourceTree = "<group>"; };
		FA30237221BE06BE00762A05 /* ShardeEffectGrey.h */ = {isa = PBXFileReference; fileEncoding = 4; lastKnownFileType = sourcecode.c.h; path = ShardeEffectGrey.h; sourceTree = "<group>"; };
		FA30237321BE06BE00762A05 /* ShardeEffectNone.cpp */ = {isa = PBXFileReference; fileEncoding = 4; lastKnownFileType = sourcecode.cpp.cpp; path = ShardeEffectNone.cpp; sourceTree = "<group>"; };
		FA30237421BE06BE00762A05 /* ShardeEffectNone.h */ = {isa = PBXFileReference; fileEncoding = 4; lastKnownFileType = sourcecode.c.h; path = ShardeEffectNone.h; sourceTree = "<group>"; };
		FA30237521BE06BE00762A05 /* ShardeEffectShine.cpp */ = {isa = PBXFileReference; fileEncoding = 4; lastKnownFileType = sourcecode.cpp.cpp; path = ShardeEffectShine.cpp; sourceTree = "<group>"; };
		FA30237621BE06BE00762A05 /* ShardeEffectShine.h */ = {isa = PBXFileReference; fileEncoding = 4; lastKnownFileType = sourcecode.c.h; path = ShardeEffectShine.h; sourceTree = "<group>"; };
		FA30237721BE06BE00762A05 /* ShardeSprite.cpp */ = {isa = PBXFileReference; fileEncoding = 4; lastKnownFileType = sourcecode.cpp.cpp; path = ShardeSprite.cpp; sourceTree = "<group>"; };
		FA30237821BE06BE00762A05 /* ShardeSprite.h */ = {isa = PBXFileReference; fileEncoding = 4; lastKnownFileType = sourcecode.c.h; path = ShardeSprite.h; sourceTree = "<group>"; };
		FA30237921BE06BE00762A05 /* GameUtils.cpp */ = {isa = PBXFileReference; fileEncoding = 4; lastKnownFileType = sourcecode.cpp.cpp; path = GameUtils.cpp; sourceTree = "<group>"; };
		FA30237A21BE06BE00762A05 /* GameUtils.h */ = {isa = PBXFileReference; fileEncoding = 4; lastKnownFileType = sourcecode.c.h; path = GameUtils.h; sourceTree = "<group>"; };
		FA30237B21BE06BE00762A05 /* StringData.h */ = {isa = PBXFileReference; fileEncoding = 4; lastKnownFileType = sourcecode.c.h; path = StringData.h; sourceTree = "<group>"; };
		FA30237C21BE06BE00762A05 /* StringData.cpp */ = {isa = PBXFileReference; fileEncoding = 4; lastKnownFileType = sourcecode.cpp.cpp; path = StringData.cpp; sourceTree = "<group>"; };
		FA30237D21BE06BE00762A05 /* GameReader.h */ = {isa = PBXFileReference; fileEncoding = 4; lastKnownFileType = sourcecode.c.h; path = GameReader.h; sourceTree = "<group>"; };
		FA30237E21BE06BE00762A05 /* libs.cpp */ = {isa = PBXFileReference; fileEncoding = 4; lastKnownFileType = sourcecode.cpp.cpp; path = libs.cpp; sourceTree = "<group>"; };
		FA30239321BE088E00762A05 /* SystemLogic.cpp */ = {isa = PBXFileReference; lastKnownFileType = sourcecode.cpp.cpp; path = SystemLogic.cpp; sourceTree = "<group>"; };
		FA30239421BE088E00762A05 /* SystemLogic.hpp */ = {isa = PBXFileReference; lastKnownFileType = sourcecode.cpp.h; path = SystemLogic.hpp; sourceTree = "<group>"; };
		FA30239621BE095F00762A05 /* Load.cpp */ = {isa = PBXFileReference; fileEncoding = 4; lastKnownFileType = sourcecode.cpp.cpp; path = Load.cpp; sourceTree = "<group>"; };
		FA30239721BE096000762A05 /* Load.h */ = {isa = PBXFileReference; fileEncoding = 4; lastKnownFileType = sourcecode.c.h; path = Load.h; sourceTree = "<group>"; };
		FA30239921BE0D9800762A05 /* UIManager.cpp */ = {isa = PBXFileReference; lastKnownFileType = sourcecode.cpp.cpp; path = UIManager.cpp; sourceTree = "<group>"; };
		FA30239A21BE0D9800762A05 /* UIManager.hpp */ = {isa = PBXFileReference; lastKnownFileType = sourcecode.cpp.h; path = UIManager.hpp; sourceTree = "<group>"; };
		FA30239D21BE106B00762A05 /* GameScene.cpp */ = {isa = PBXFileReference; lastKnownFileType = sourcecode.cpp.cpp; path = GameScene.cpp; sourceTree = "<group>"; };
		FA30239E21BE106B00762A05 /* GameScene.hpp */ = {isa = PBXFileReference; lastKnownFileType = sourcecode.cpp.h; path = GameScene.hpp; sourceTree = "<group>"; };
		FA3023A121BE154A00762A05 /* ActorLayer.cpp */ = {isa = PBXFileReference; lastKnownFileType = sourcecode.cpp.cpp; path = ActorLayer.cpp; sourceTree = "<group>"; };
		FA3023A221BE154A00762A05 /* ActorLayer.hpp */ = {isa = PBXFileReference; lastKnownFileType = sourcecode.cpp.h; path = ActorLayer.hpp; sourceTree = "<group>"; };
		FA3023A621BE163800762A05 /* Hero.cpp */ = {isa = PBXFileReference; lastKnownFileType = sourcecode.cpp.cpp; path = Hero.cpp; sourceTree = "<group>"; };
		FA3023A721BE163800762A05 /* Hero.hpp */ = {isa = PBXFileReference; lastKnownFileType = sourcecode.cpp.h; path = Hero.hpp; sourceTree = "<group>"; };
		FA3023A921BE164B00762A05 /* Spear.cpp */ = {isa = PBXFileReference; lastKnownFileType = sourcecode.cpp.cpp; path = Spear.cpp; sourceTree = "<group>"; };
		FA3023AA21BE164B00762A05 /* Spear.hpp */ = {isa = PBXFileReference; lastKnownFileType = sourcecode.cpp.h; path = Spear.hpp; sourceTree = "<group>"; };
		FA4A611721BF5BEB009A9003 /* GameCore.cpp */ = {isa = PBXFileReference; lastKnownFileType = sourcecode.cpp.cpp; path = GameCore.cpp; sourceTree = "<group>"; };
		FA4A611821BF5BEB009A9003 /* GameCore.hpp */ = {isa = PBXFileReference; lastKnownFileType = sourcecode.cpp.h; path = GameCore.hpp; sourceTree = "<group>"; };
		FA4A611B21BF6BDE009A9003 /* ProcessUIRequest.cpp */ = {isa = PBXFileReference; lastKnownFileType = sourcecode.cpp.cpp; path = ProcessUIRequest.cpp; sourceTree = "<group>"; };
		FA69647F21D1FD6D00D4ECC6 /* baobingjianbody.png */ = {isa = PBXFileReference; lastKnownFileType = image.png; path = baobingjianbody.png; sourceTree = "<group>"; };
		FAEBACEA21CA7211003145BD /* DragLayer.cpp */ = {isa = PBXFileReference; lastKnownFileType = sourcecode.cpp.cpp; path = DragLayer.cpp; sourceTree = "<group>"; };
		FAEBACEB21CA7211003145BD /* DragLayer.hpp */ = {isa = PBXFileReference; lastKnownFileType = sourcecode.cpp.h; path = DragLayer.hpp; sourceTree = "<group>"; };
/* End PBXFileReference section */

/* Begin PBXFrameworksBuildPhase section */
		1D60588F0D05DD3D006BFB54 /* Frameworks */ = {
			isa = PBXFrameworksBuildPhase;
			buildActionMask = 2147483647;
			files = (
				294D0D641D0D56D500F7F5D4 /* CoreText.framework in Frameworks */,
				ED545A7C1B68A1F400C3958E /* libiconv.dylib in Frameworks */,
				52B47A471A53D09C004E4C60 /* Security.framework in Frameworks */,
				1AC6FB30180E99EB004C840B /* libcocos2d iOS.a in Frameworks */,
				D6B0611B1803AB670077942B /* CoreMotion.framework in Frameworks */,
				1D60589F0D05DD5A006BFB54 /* Foundation.framework in Frameworks */,
				1DF5F4E00D08C38300B7A737 /* UIKit.framework in Frameworks */,
				288765A50DF7441C002DB57D /* CoreGraphics.framework in Frameworks */,
				BF171245129291EC00B8313A /* OpenGLES.framework in Frameworks */,
				BF1712471292920000B8313A /* libz.dylib in Frameworks */,
				BF1C47F01293687400B63C5D /* QuartzCore.framework in Frameworks */,
				D44C620C132DFF330009C878 /* OpenAL.framework in Frameworks */,
				D44C620E132DFF430009C878 /* AVFoundation.framework in Frameworks */,
				D44C6210132DFF4E0009C878 /* AudioToolbox.framework in Frameworks */,
			);
			runOnlyForDeploymentPostprocessing = 0;
		};
		5087E75C17EB910900C73F5D /* Frameworks */ = {
			isa = PBXFrameworksBuildPhase;
			buildActionMask = 2147483647;
			files = (
				ED545A7E1B68A1FA00C3958E /* libiconv.dylib in Frameworks */,
				1AC6FB21180E996B004C840B /* libcocos2d Mac.a in Frameworks */,
				5087E76717EB910900C73F5D /* libz.dylib in Frameworks */,
				8262943E1AAF051F00CB7CF7 /* Security.framework in Frameworks */,
				503AE11B17EB9C5A00D1A890 /* IOKit.framework in Frameworks */,
				5087E78B17EB975400C73F5D /* OpenGL.framework in Frameworks */,
				5087E78917EB974C00C73F5D /* AppKit.framework in Frameworks */,
				5087E76317EB910900C73F5D /* Foundation.framework in Frameworks */,
				5087E76817EB910900C73F5D /* QuartzCore.framework in Frameworks */,
				5087E76917EB910900C73F5D /* OpenAL.framework in Frameworks */,
				5087E76A17EB910900C73F5D /* AVFoundation.framework in Frameworks */,
				5087E76B17EB910900C73F5D /* AudioToolbox.framework in Frameworks */,
			);
			runOnlyForDeploymentPostprocessing = 0;
		};
/* End PBXFrameworksBuildPhase section */

/* Begin PBXGroup section */
		19C28FACFE9D520D11CA2CBB /* Products */ = {
			isa = PBXGroup;
			children = (
				1D6058910D05DD3D006BFB54 /* foolishHero-mobile.app */,
				5087E76F17EB910900C73F5D /* foolishHero-desktop.app */,
			);
			name = Products;
			sourceTree = "<group>";
		};
		1AC6FAE6180E9839004C840B /* Products */ = {
			isa = PBXGroup;
			children = (
				1AC6FAF9180E9839004C840B /* libcocos2d Mac.a */,
				1AC6FB07180E9839004C840B /* libcocos2d iOS.a */,
				1A7533E31F6F75F6007E8E6F /* libcocos2d tvOS.a */,
			);
			name = Products;
			sourceTree = "<group>";
		};
		1AF87B461F6F77D6007BE51C /* ios */ = {
			isa = PBXGroup;
			children = (
				1A88B2631FC3D9C9005C14AE /* Images.xcassets */,
				1AF87B471F6F77D6007BE51C /* AppController.h */,
				1AF87B481F6F77D6007BE51C /* AppController.mm */,
				1AF87B581F6F77D6007BE51C /* Info.plist */,
				1AF87B591F6F77D6007BE51C /* LaunchScreen.storyboard */,
				1AF87B5A1F6F77D6007BE51C /* LaunchScreenBackground.png */,
				1AF87B5B1F6F77D6007BE51C /* main.m */,
				1AF87B5C1F6F77D6007BE51C /* Prefix.pch */,
				1AF87B5D1F6F77D6007BE51C /* RootViewController.h */,
				1AF87B5E1F6F77D6007BE51C /* RootViewController.mm */,
			);
			path = ios;
			sourceTree = "<group>";
		};
		29B97314FDCFA39411CA2CEA /* CustomTemplate */ = {
			isa = PBXGroup;
			children = (
				FA30233D21BE02DB00762A05 /* Share */,
				46880B8319C43A87006E1F66 /* Classes */,
				46880B7519C43A67006E1F66 /* Resources */,
				1AC6FAE5180E9839004C840B /* cocos2d_libs.xcodeproj */,
				29B97323FDCFA39411CA2CEA /* Frameworks */,
				1AF87B461F6F77D6007BE51C /* ios */,
				503AE10617EB990700D1A890 /* mac */,
				19C28FACFE9D520D11CA2CBB /* Products */,
			);
			name = CustomTemplate;
			sourceTree = "<group>";
		};
		29B97323FDCFA39411CA2CEA /* Frameworks */ = {
			isa = PBXGroup;
			children = (
				294D0D631D0D56D500F7F5D4 /* CoreText.framework */,
				ED545A7D1B68A1FA00C3958E /* libiconv.dylib */,
				ED545A7B1B68A1F400C3958E /* libiconv.dylib */,
				8262943D1AAF051F00CB7CF7 /* Security.framework */,
				52B47A461A53D09B004E4C60 /* Security.framework */,
				D6B0611A1803AB670077942B /* CoreMotion.framework */,
				503AE11A17EB9C5A00D1A890 /* IOKit.framework */,
				503AE11117EB99EE00D1A890 /* libcurl.dylib */,
				5087E78A17EB975400C73F5D /* OpenGL.framework */,
				5087E78817EB974C00C73F5D /* AppKit.framework */,
				1ACB3243164770DE00914215 /* libcurl.a */,
				BF170DB412928DE900B8313A /* libz.dylib */,
				D44C620F132DFF4E0009C878 /* AudioToolbox.framework */,
				D44C620D132DFF430009C878 /* AVFoundation.framework */,
				288765A40DF7441C002DB57D /* CoreGraphics.framework */,
				1D30AB110D05D00D00671497 /* Foundation.framework */,
				D44C620B132DFF330009C878 /* OpenAL.framework */,
				BF170DB012928DE900B8313A /* OpenGLES.framework */,
				BF1C47EA1293683800B63C5D /* QuartzCore.framework */,
				1DF5F4DF0D08C38300B7A737 /* UIKit.framework */,
			);
			name = Frameworks;
			sourceTree = "<group>";
		};
		46880B7519C43A67006E1F66 /* Resources */ = {
			isa = PBXGroup;
			children = (
				7096D343222781F0001B3108 /* hurt */,
				70AF2BC022252A16008593FD /* aim_point.png */,
				707125412212A95A00B003C2 /* spineboy-pro.json */,
				707125422212A95A00B003C2 /* spineboy.atlas */,
				7071253F2212A95A00B003C2 /* spineboy.png */,
				70877ABD21FD523500C4DF4A /* 01.png */,
				70877ABB21FD523500C4DF4A /* 25.png */,
				70877ABA21FD523500C4DF4A /* Comet.plist */,
				70877ABE21FD523500C4DF4A /* DemoPlayer.csb */,
				70877ABC21FD523500C4DF4A /* testAnimationResource */,
				FA69647F21D1FD6D00D4ECC6 /* baobingjianbody.png */,
				521A8EA819F11F5000D177D7 /* fonts */,
				3EACC98E19EE6D4300EB3C5E /* res */,
			);
			name = Resources;
			path = ../Resources;
			sourceTree = "<group>";
		};
		46880B8319C43A87006E1F66 /* Classes */ = {
			isa = PBXGroup;
			children = (
				FA30234521BE042E00762A05 /* data */,
				FA30234921BE042F00762A05 /* logic */,
				FA30234821BE042F00762A05 /* service */,
				FA30234621BE042E00762A05 /* utils */,
				FA30234721BE042E00762A05 /* view */,
				46880B8419C43A87006E1F66 /* AppDelegate.cpp */,
				46880B8519C43A87006E1F66 /* AppDelegate.h */,
			);
			name = Classes;
			path = ../Classes;
			sourceTree = "<group>";
		};
		503AE0F517EB97AB00D1A890 /* Icons */ = {
			isa = PBXGroup;
			children = (
				503AE0F617EB97AB00D1A890 /* Icon.icns */,
				503AE0F717EB97AB00D1A890 /* Info.plist */,
			);
			name = Icons;
			path = mac;
			sourceTree = SOURCE_ROOT;
		};
		503AE10617EB990700D1A890 /* mac */ = {
			isa = PBXGroup;
			children = (
				503AE0F517EB97AB00D1A890 /* Icons */,
				503AE10317EB98FF00D1A890 /* main.cpp */,
				503AE10417EB98FF00D1A890 /* Prefix.pch */,
			);
			name = mac;
			sourceTree = "<group>";
		};
		FA30233D21BE02DB00762A05 /* Share */ = {
			isa = PBXGroup;
			children = (
				FA30233E21BE02DB00762A05 /* Header */,
			);
			name = Share;
			path = ../Share;
			sourceTree = "<group>";
		};
		FA30233E21BE02DB00762A05 /* Header */ = {
			isa = PBXGroup;
			children = (
				FA30233F21BE02DB00762A05 /* CSProtocol.h */,
				FA30234021BE02DB00762A05 /* ELProtocol.h */,
				FA30234121BE02DB00762A05 /* EventDefine.h */,
				FA30234221BE02DB00762A05 /* GameDefine.h */,
				FA30234321BE02DB00762A05 /* NETProtocol.h */,
				FA30234421BE02DB00762A05 /* TLProtocol.h */,
			);
			path = Header;
			sourceTree = "<group>";
		};
		FA30234521BE042E00762A05 /* data */ = {
			isa = PBXGroup;
			children = (
			);
			path = data;
			sourceTree = "<group>";
		};
		FA30234621BE042E00762A05 /* utils */ = {
			isa = PBXGroup;
			children = (
				70877AC421FDB7D200C4DF4A /* MathAide.cpp */,
				70877AC521FDB7D200C4DF4A /* MathAide.h */,
				FA30235721BE06BD00762A05 /* crypt */,
				FA30236921BE06BD00762A05 /* GameReader.cpp */,
				FA30237D21BE06BE00762A05 /* GameReader.h */,
				FA30237921BE06BE00762A05 /* GameUtils.cpp */,
				FA30237A21BE06BE00762A05 /* GameUtils.h */,
				FA30237E21BE06BE00762A05 /* libs.cpp */,
				FA30235621BE06BD00762A05 /* libs.h */,
				FA30236621BE06BD00762A05 /* RotateAction.cpp */,
				FA30235421BE06BD00762A05 /* RotateAction.h */,
				FA30236A21BE06BE00762A05 /* sharde */,
				FA30237C21BE06BE00762A05 /* StringData.cpp */,
				FA30237B21BE06BE00762A05 /* StringData.h */,
				FA30236721BE06BD00762A05 /* TimeUtil.cpp */,
				FA30235321BE06BD00762A05 /* TimeUtil.h */,
			);
			path = utils;
			sourceTree = "<group>";
		};
		FA30234721BE042E00762A05 /* view */ = {
			isa = PBXGroup;
			children = (
				FA3023A421BE160B00762A05 /* actor */,
				FA3023A021BE151D00762A05 /* layer */,
				FA30239C21BE105D00762A05 /* scene */,
				FA30239921BE0D9800762A05 /* UIManager.cpp */,
				FA30239A21BE0D9800762A05 /* UIManager.hpp */,
			);
			path = view;
			sourceTree = "<group>";
		};
		FA30234821BE042F00762A05 /* service */ = {
			isa = PBXGroup;
			children = (
			);
			path = service;
			sourceTree = "<group>";
		};
		FA30234921BE042F00762A05 /* logic */ = {
			isa = PBXGroup;
			children = (
				FA30239621BE095F00762A05 /* Load.cpp */,
				FA30239721BE096000762A05 /* Load.h */,
				FA30235021BE060E00762A05 /* ClientLogic.cpp */,
				FA30235121BE060E00762A05 /* ClientLogic.hpp */,
				FA30239321BE088E00762A05 /* SystemLogic.cpp */,
				FA30239421BE088E00762A05 /* SystemLogic.hpp */,
				FA4A611721BF5BEB009A9003 /* GameCore.cpp */,
				FA4A611821BF5BEB009A9003 /* GameCore.hpp */,
				FA4A611B21BF6BDE009A9003 /* ProcessUIRequest.cpp */,
			);
			path = logic;
			sourceTree = "<group>";
		};
		FA30235721BE06BD00762A05 /* crypt */ = {
			isa = PBXGroup;
			children = (
				FA30235821BE06BD00762A05 /* base */,
				FA30235F21BE06BD00762A05 /* coAes.cpp */,
				FA30236021BE06BD00762A05 /* coAes.h */,
				FA30236121BE06BD00762A05 /* coBase64.cpp */,
				FA30236221BE06BD00762A05 /* coBase64.h */,
				FA30236321BE06BD00762A05 /* coMD5.cpp */,
				FA30236421BE06BD00762A05 /* coMD5.h */,
				FA30236521BE06BD00762A05 /* cryptHeader.h */,
			);
			path = crypt;
			sourceTree = "<group>";
		};
		FA30235821BE06BD00762A05 /* base */ = {
			isa = PBXGroup;
			children = (
				FA30235921BE06BD00762A05 /* aes.cpp */,
				FA30235A21BE06BD00762A05 /* aes.h */,
				FA30235B21BE06BD00762A05 /* base64.cpp */,
				FA30235C21BE06BD00762A05 /* base64.h */,
				FA30235D21BE06BD00762A05 /* MD5.cpp */,
				FA30235E21BE06BD00762A05 /* MD5.h */,
			);
			path = base;
			sourceTree = "<group>";
		};
		FA30236A21BE06BE00762A05 /* sharde */ = {
			isa = PBXGroup;
			children = (
				FA30236B21BE06BE00762A05 /* ShardeArmature.cpp */,
				FA30236C21BE06BE00762A05 /* ShardeArmature.h */,
				FA30236D21BE06BE00762A05 /* ShardeEffect.cpp */,
				FA30236E21BE06BE00762A05 /* ShardeEffect.h */,
				FA30236F21BE06BE00762A05 /* ShardeEffectBlur.cpp */,
				FA30237021BE06BE00762A05 /* ShardeEffectBlur.h */,
				FA30237121BE06BE00762A05 /* ShardeEffectGrey.cpp */,
				FA30237221BE06BE00762A05 /* ShardeEffectGrey.h */,
				FA30237321BE06BE00762A05 /* ShardeEffectNone.cpp */,
				FA30237421BE06BE00762A05 /* ShardeEffectNone.h */,
				FA30237521BE06BE00762A05 /* ShardeEffectShine.cpp */,
				FA30237621BE06BE00762A05 /* ShardeEffectShine.h */,
				FA30237721BE06BE00762A05 /* ShardeSprite.cpp */,
				FA30237821BE06BE00762A05 /* ShardeSprite.h */,
			);
			path = sharde;
			sourceTree = "<group>";
		};
		FA30239C21BE105D00762A05 /* scene */ = {
			isa = PBXGroup;
			children = (
				FA30239D21BE106B00762A05 /* GameScene.cpp */,
				FA30239E21BE106B00762A05 /* GameScene.hpp */,
				7096D3452227DF4D001B3108 /* HallScene.cpp */,
				7096D3462227DF4D001B3108 /* HallScene.hpp */,
			);
			path = scene;
			sourceTree = "<group>";
		};
		FA3023A021BE151D00762A05 /* layer */ = {
			isa = PBXGroup;
			children = (
				FA3023A121BE154A00762A05 /* ActorLayer.cpp */,
				FA3023A221BE154A00762A05 /* ActorLayer.hpp */,
				FAEBACEA21CA7211003145BD /* DragLayer.cpp */,
				FAEBACEB21CA7211003145BD /* DragLayer.hpp */,
				FA22A2EB21D3303700ACE9C3 /* CurveLayer.cpp */,
				FA22A2EC21D3303700ACE9C3 /* CurveLayer.hpp */,
				7096D3402227806D001B3108 /* HitEffectLayer.cpp */,
				7096D3412227806D001B3108 /* HitEffectLayer.hpp */,
			);
			path = layer;
			sourceTree = "<group>";
		};
		FA3023A421BE160B00762A05 /* actor */ = {
			isa = PBXGroup;
			children = (
				FA3023A621BE163800762A05 /* Hero.cpp */,
				FA3023A721BE163800762A05 /* Hero.hpp */,
				FA3023A921BE164B00762A05 /* Spear.cpp */,
				FA3023AA21BE164B00762A05 /* Spear.hpp */,
				FA22A2F021D3321300ACE9C3 /* SpearCurve.hpp */,
				FA22A2EF21D3321300ACE9C3 /* SpearCurve.cpp */,
				7096D33C22277F12001B3108 /* Effect.cpp */,
				7096D33D22277F12001B3108 /* Effect.hpp */,
			);
			path = actor;
			sourceTree = "<group>";
		};
/* End PBXGroup section */

/* Begin PBXNativeTarget section */
		1D6058900D05DD3D006BFB54 /* foolishHero-mobile */ = {
			isa = PBXNativeTarget;
			buildConfigurationList = 1D6058960D05DD3E006BFB54 /* Build configuration list for PBXNativeTarget "foolishHero-mobile" */;
			buildPhases = (
				1D60588D0D05DD3D006BFB54 /* Resources */,
				1D60588E0D05DD3D006BFB54 /* Sources */,
				1D60588F0D05DD3D006BFB54 /* Frameworks */,
			);
			buildRules = (
			);
			dependencies = (
				1AC6FB25180E99E1004C840B /* PBXTargetDependency */,
			);
			name = "foolishHero-mobile";
			productName = iphone;
			productReference = 1D6058910D05DD3D006BFB54 /* foolishHero-mobile.app */;
			productType = "com.apple.product-type.application";
		};
		5087E73D17EB910900C73F5D /* foolishHero-desktop */ = {
			isa = PBXNativeTarget;
			buildConfigurationList = 5087E76C17EB910900C73F5D /* Build configuration list for PBXNativeTarget "foolishHero-desktop" */;
			buildPhases = (
				5087E74817EB910900C73F5D /* Resources */,
				5087E75617EB910900C73F5D /* Sources */,
				5087E75C17EB910900C73F5D /* Frameworks */,
			);
			buildRules = (
			);
			dependencies = (
				1AC6FB16180E9959004C840B /* PBXTargetDependency */,
			);
			name = "foolishHero-desktop";
			productName = iphone;
			productReference = 5087E76F17EB910900C73F5D /* foolishHero-desktop.app */;
			productType = "com.apple.product-type.application";
		};
/* End PBXNativeTarget section */

/* Begin PBXProject section */
		29B97313FDCFA39411CA2CEA /* Project object */ = {
			isa = PBXProject;
			attributes = {
				LastUpgradeCheck = 0500;
				TargetAttributes = {
					1D6058900D05DD3D006BFB54 = {
						DevelopmentTeam = ZLPB5CW9KN;
					};
				};
			};
			buildConfigurationList = C01FCF4E08A954540054247B /* Build configuration list for PBXProject "foolishHero" */;
			compatibilityVersion = "Xcode 3.2";
			developmentRegion = English;
			hasScannedForEncodings = 1;
			knownRegions = (
				English,
				Japanese,
				French,
				German,
			);
			mainGroup = 29B97314FDCFA39411CA2CEA /* CustomTemplate */;
			projectDirPath = "";
			projectReferences = (
				{
					ProductGroup = 1AC6FAE6180E9839004C840B /* Products */;
					ProjectRef = 1AC6FAE5180E9839004C840B /* cocos2d_libs.xcodeproj */;
				},
			);
			projectRoot = "";
			targets = (
				1D6058900D05DD3D006BFB54 /* foolishHero-mobile */,
				5087E73D17EB910900C73F5D /* foolishHero-desktop */,
			);
		};
/* End PBXProject section */

/* Begin PBXReferenceProxy section */
		1A7533E31F6F75F6007E8E6F /* libcocos2d tvOS.a */ = {
			isa = PBXReferenceProxy;
			fileType = archive.ar;
			path = "libcocos2d tvOS.a";
			remoteRef = 1A7533E21F6F75F6007E8E6F /* PBXContainerItemProxy */;
			sourceTree = BUILT_PRODUCTS_DIR;
		};
		1AC6FAF9180E9839004C840B /* libcocos2d Mac.a */ = {
			isa = PBXReferenceProxy;
			fileType = archive.ar;
			path = "libcocos2d Mac.a";
			remoteRef = 1AC6FAF8180E9839004C840B /* PBXContainerItemProxy */;
			sourceTree = BUILT_PRODUCTS_DIR;
		};
		1AC6FB07180E9839004C840B /* libcocos2d iOS.a */ = {
			isa = PBXReferenceProxy;
			fileType = archive.ar;
			path = "libcocos2d iOS.a";
			remoteRef = 1AC6FB06180E9839004C840B /* PBXContainerItemProxy */;
			sourceTree = BUILT_PRODUCTS_DIR;
		};
/* End PBXReferenceProxy section */

/* Begin PBXResourcesBuildPhase section */
		1D60588D0D05DD3D006BFB54 /* Resources */ = {
			isa = PBXResourcesBuildPhase;
			buildActionMask = 2147483647;
			files = (
				70877AC221FD523500C4DF4A /* 01.png in Resources */,
				70877AC121FD523500C4DF4A /* testAnimationResource in Resources */,
				70877AC021FD523500C4DF4A /* 25.png in Resources */,
				FA69648121D1FD6D00D4ECC6 /* baobingjianbody.png in Resources */,
				1A88B2641FC3D9C9005C14AE /* Images.xcassets in Resources */,
				707125442212A95A00B003C2 /* spineboy-pro.json in Resources */,
				521A8EA919F11F5000D177D7 /* fonts in Resources */,
				7096D344222781F0001B3108 /* hurt in Resources */,
				70877AC321FD523500C4DF4A /* DemoPlayer.csb in Resources */,
				70AF2BC222252A16008593FD /* aim_point.png in Resources */,
				707125452212A95A00B003C2 /* spineboy.atlas in Resources */,
				3EACC98F19EE6D4300EB3C5E /* res in Resources */,
				707125432212A95A00B003C2 /* spineboy.png in Resources */,
				1AF87B891F6F781D007BE51C /* LaunchScreenBackground.png in Resources */,
				70877ABF21FD523500C4DF4A /* Comet.plist in Resources */,
				1AF87B881F6F781D007BE51C /* LaunchScreen.storyboard in Resources */,
			);
			runOnlyForDeploymentPostprocessing = 0;
		};
		5087E74817EB910900C73F5D /* Resources */ = {
			isa = PBXResourcesBuildPhase;
			buildActionMask = 2147483647;
			files = (
				503AE0F817EB97AB00D1A890 /* Icon.icns in Resources */,
				3EACC99019EE6D4300EB3C5E /* res in Resources */,
				521A8EAA19F11F5000D177D7 /* fonts in Resources */,
			);
			runOnlyForDeploymentPostprocessing = 0;
		};
/* End PBXResourcesBuildPhase section */

/* Begin PBXSourcesBuildPhase section */
		1D60588E0D05DD3D006BFB54 /* Sources */ = {
			isa = PBXSourcesBuildPhase;
			buildActionMask = 2147483647;
			files = (
				FA4A611921BF5BEB009A9003 /* GameCore.cpp in Sources */,
				FA30238621BE06BF00762A05 /* RotateAction.cpp in Sources */,
				FA4A611C21BF6BDE009A9003 /* ProcessUIRequest.cpp in Sources */,
				FA30239821BE096000762A05 /* Load.cpp in Sources */,
				FA22A2ED21D3303700ACE9C3 /* CurveLayer.cpp in Sources */,
				FA30239021BE06BF00762A05 /* GameUtils.cpp in Sources */,
				1AF87B781F6F77F7007BE51C /* AppController.mm in Sources */,
				FA30238021BE06BF00762A05 /* aes.cpp in Sources */,
				FA30239521BE088E00762A05 /* SystemLogic.cpp in Sources */,
				FA3023A821BE163800762A05 /* Hero.cpp in Sources */,
				FA30238C21BE06BF00762A05 /* ShardeEffectGrey.cpp in Sources */,
				1AF87B8B1F6F782A007BE51C /* RootViewController.mm in Sources */,
				FA30239B21BE0D9800762A05 /* UIManager.cpp in Sources */,
				FA30239F21BE106B00762A05 /* GameScene.cpp in Sources */,
				46880B8819C43A87006E1F66 /* AppDelegate.cpp in Sources */,
				FA30238E21BE06BF00762A05 /* ShardeEffectShine.cpp in Sources */,
				FA30238921BE06BF00762A05 /* ShardeArmature.cpp in Sources */,
				FA30238321BE06BF00762A05 /* coAes.cpp in Sources */,
				7096D33E22277F12001B3108 /* Effect.cpp in Sources */,
				FA3023A321BE154A00762A05 /* ActorLayer.cpp in Sources */,
				FA22A2F121D3321300ACE9C3 /* SpearCurve.cpp in Sources */,
				7096D3472227DF4D001B3108 /* HallScene.cpp in Sources */,
				FA3023AB21BE164B00762A05 /* Spear.cpp in Sources */,
				FA30239221BE06BF00762A05 /* libs.cpp in Sources */,
				FA30238121BE06BF00762A05 /* base64.cpp in Sources */,
				1AF87B8A1F6F7822007BE51C /* main.m in Sources */,
				FA30238421BE06BF00762A05 /* coBase64.cpp in Sources */,
				FA30238521BE06BF00762A05 /* coMD5.cpp in Sources */,
				7096D3422227806D001B3108 /* HitEffectLayer.cpp in Sources */,
				FA30238D21BE06BF00762A05 /* ShardeEffectNone.cpp in Sources */,
				70877AC621FDB7D200C4DF4A /* MathAide.cpp in Sources */,
				FA30238F21BE06BF00762A05 /* ShardeSprite.cpp in Sources */,
				FA30238821BE06BF00762A05 /* GameReader.cpp in Sources */,
				FA30239121BE06BF00762A05 /* StringData.cpp in Sources */,
				FA30238721BE06BF00762A05 /* TimeUtil.cpp in Sources */,
				FA30238A21BE06BF00762A05 /* ShardeEffect.cpp in Sources */,
				FA30238221BE06BF00762A05 /* MD5.cpp in Sources */,
				FA30235221BE060E00762A05 /* ClientLogic.cpp in Sources */,
				FA30238B21BE06BF00762A05 /* ShardeEffectBlur.cpp in Sources */,
				FAEBACEC21CA7211003145BD /* DragLayer.cpp in Sources */,
			);
			runOnlyForDeploymentPostprocessing = 0;
		};
		5087E75617EB910900C73F5D /* Sources */ = {
			isa = PBXSourcesBuildPhase;
			buildActionMask = 2147483647;
			files = (
				46880B8919C43A87006E1F66 /* AppDelegate.cpp in Sources */,
				503AE10517EB98FF00D1A890 /* main.cpp in Sources */,
			);
			runOnlyForDeploymentPostprocessing = 0;
		};
/* End PBXSourcesBuildPhase section */

/* Begin PBXTargetDependency section */
		1AC6FB16180E9959004C840B /* PBXTargetDependency */ = {
			isa = PBXTargetDependency;
			name = "cocos2dx Mac";
			targetProxy = 1AC6FB15180E9959004C840B /* PBXContainerItemProxy */;
		};
		1AC6FB25180E99E1004C840B /* PBXTargetDependency */ = {
			isa = PBXTargetDependency;
			name = "cocos2dx iOS";
			targetProxy = 1AC6FB24180E99E1004C840B /* PBXContainerItemProxy */;
		};
/* End PBXTargetDependency section */

/* Begin XCBuildConfiguration section */
		1D6058940D05DD3E006BFB54 /* Debug */ = {
			isa = XCBuildConfiguration;
			buildSettings = {
				ALWAYS_SEARCH_USER_PATHS = YES;
				ASSETCATALOG_COMPILER_APPICON_NAME = AppIcon;
				CODE_SIGN_IDENTITY = "iPhone Developer";
				COMPRESS_PNG_FILES = NO;
				DEVELOPMENT_TEAM = ZLPB5CW9KN;
				ENABLE_BITCODE = NO;
				GCC_DYNAMIC_NO_PIC = NO;
				GCC_INLINES_ARE_PRIVATE_EXTERN = NO;
				GCC_PRECOMPILE_PREFIX_HEADER = YES;
				GCC_PREFIX_HEADER = ios/Prefix.pch;
				GCC_PREPROCESSOR_DEFINITIONS = (
					USE_FILE32API,
					"COCOS2D_DEBUG=1",
					"CC_ENABLE_CHIPMUNK_INTEGRATION=1",
				);
				GCC_SYMBOLS_PRIVATE_EXTERN = NO;
				HEADER_SEARCH_PATHS = "$(inherited)";
				INFOPLIST_FILE = ios/Info.plist;
				IPHONEOS_DEPLOYMENT_TARGET = 6.0;
				LIBRARY_SEARCH_PATHS = "";
				OTHER_LDFLAGS = (
					"$(_COCOS_LIB_IOS_BEGIN)",
					"$(_COCOS_LIB_IOS_END)",
				);
				SDKROOT = iphoneos;
				STRIP_PNG_TEXT = NO;
				TARGETED_DEVICE_FAMILY = "1,2";
				USER_HEADER_SEARCH_PATHS = "$(_COCOS_HEADER_IOS_BEGIN) $(_COCOS_HEADER_IOS_END) $(SRCROOT)/../Share/Header $(SRCROOT)/../Classes";
				VALID_ARCHS = "arm64 armv7";
			};
			name = Debug;
		};
		1D6058950D05DD3E006BFB54 /* Release */ = {
			isa = XCBuildConfiguration;
			buildSettings = {
				ALWAYS_SEARCH_USER_PATHS = YES;
				ASSETCATALOG_COMPILER_APPICON_NAME = AppIcon;
				CODE_SIGN_IDENTITY = "iPhone Developer";
				COMPRESS_PNG_FILES = NO;
				DEVELOPMENT_TEAM = ZLPB5CW9KN;
				ENABLE_BITCODE = NO;
				GCC_INLINES_ARE_PRIVATE_EXTERN = NO;
				GCC_PRECOMPILE_PREFIX_HEADER = YES;
				GCC_PREFIX_HEADER = ios/Prefix.pch;
				GCC_PREPROCESSOR_DEFINITIONS = (
					USE_FILE32API,
					"CC_ENABLE_CHIPMUNK_INTEGRATION=1",
					NDEBUG,
				);
				GCC_SYMBOLS_PRIVATE_EXTERN = NO;
				HEADER_SEARCH_PATHS = "$(inherited)";
				INFOPLIST_FILE = ios/Info.plist;
				IPHONEOS_DEPLOYMENT_TARGET = 6.0;
				LIBRARY_SEARCH_PATHS = "";
				OTHER_LDFLAGS = (
					"$(_COCOS_LIB_IOS_BEGIN)",
					"$(_COCOS_LIB_IOS_END)",
				);
				SDKROOT = iphoneos;
				STRIP_PNG_TEXT = NO;
				TARGETED_DEVICE_FAMILY = "1,2";
				USER_HEADER_SEARCH_PATHS = "$(_COCOS_HEADER_IOS_BEGIN) $(_COCOS_HEADER_IOS_END) $(SRCROOT)/../Share/Header $(SRCROOT)/../Classes";
				VALID_ARCHS = "arm64 armv7";
			};
			name = Release;
		};
		5087E76D17EB910900C73F5D /* Debug */ = {
			isa = XCBuildConfiguration;
			buildSettings = {
				ALWAYS_SEARCH_USER_PATHS = YES;
				ARCHS = "$(ARCHS_STANDARD_64_BIT)";
				CLANG_CXX_LANGUAGE_STANDARD = "c++0x";
				CLANG_CXX_LIBRARY = "libc++";
				GCC_DYNAMIC_NO_PIC = NO;
				GCC_INLINES_ARE_PRIVATE_EXTERN = NO;
				GCC_PRECOMPILE_PREFIX_HEADER = YES;
				GCC_PREFIX_HEADER = mac/Prefix.pch;
				GCC_PREPROCESSOR_DEFINITIONS = (
					USE_FILE32API,
					"COCOS2D_DEBUG=1",
					"CC_ENABLE_CHIPMUNK_INTEGRATION=1",
				);
				GCC_SYMBOLS_PRIVATE_EXTERN = NO;
				HEADER_SEARCH_PATHS = (
					"$(inherited)",
					"$(SRCROOT)/../cocos2d/external/glfw3/include/mac",
				);
				INFOPLIST_FILE = mac/Info.plist;
				LIBRARY_SEARCH_PATHS = "";
				OTHER_LDFLAGS = (
					"$(_COCOS_LIB_MAC_BEGIN)",
					"$(_COCOS_LIB_MAC_END)",
				);
				USER_HEADER_SEARCH_PATHS = "$(_COCOS_HEADER_MAC_BEGIN) $(_COCOS_HEADER_MAC_END)";
			};
			name = Debug;
		};
		5087E76E17EB910900C73F5D /* Release */ = {
			isa = XCBuildConfiguration;
			buildSettings = {
				ALWAYS_SEARCH_USER_PATHS = YES;
				ARCHS = "$(ARCHS_STANDARD_64_BIT)";
				CLANG_CXX_LANGUAGE_STANDARD = "c++0x";
				CLANG_CXX_LIBRARY = "libc++";
				GCC_INLINES_ARE_PRIVATE_EXTERN = NO;
				GCC_PRECOMPILE_PREFIX_HEADER = YES;
				GCC_PREFIX_HEADER = mac/Prefix.pch;
				GCC_PREPROCESSOR_DEFINITIONS = (
					USE_FILE32API,
					"CC_ENABLE_CHIPMUNK_INTEGRATION=1",
					NDEBUG,
				);
				GCC_SYMBOLS_PRIVATE_EXTERN = NO;
				HEADER_SEARCH_PATHS = (
					"$(inherited)",
					"$(SRCROOT)/../cocos2d/external/glfw3/include/mac",
				);
				INFOPLIST_FILE = mac/Info.plist;
				LIBRARY_SEARCH_PATHS = "";
				OTHER_LDFLAGS = (
					"$(_COCOS_LIB_MAC_BEGIN)",
					"$(_COCOS_LIB_MAC_END)",
				);
				USER_HEADER_SEARCH_PATHS = "$(_COCOS_HEADER_MAC_BEGIN) $(_COCOS_HEADER_MAC_END)";
			};
			name = Release;
		};
		C01FCF4F08A954540054247B /* Debug */ = {
			isa = XCBuildConfiguration;
			buildSettings = {
				CLANG_CXX_LANGUAGE_STANDARD = "c++0x";
				CLANG_CXX_LIBRARY = "libc++";
				COPY_PHASE_STRIP = NO;
				GCC_OPTIMIZATION_LEVEL = 0;
				GCC_WARN_ABOUT_RETURN_TYPE = YES;
				GCC_WARN_UNUSED_VARIABLE = YES;
				HEADER_SEARCH_PATHS = (
					"$(SRCROOT)/../cocos2d",
					"$(SRCROOT)/../cocos2d/cocos/audio/include",
					"$(SRCROOT)/../cocos2d/cocos",
					"$(SRCROOT)/../cocos2d/extensions",
					"$(SRCROOT)/../cocos2d/external",
					"$(SRCROOT)/../cocos2d/external/chipmunk/include/chipmunk",
					"$(SRCROOT)/../cocos2d/cocos/editor-support",
				);
				IPHONEOS_DEPLOYMENT_TARGET = 6.0;
				MACOSX_DEPLOYMENT_TARGET = 10.7;
				ONLY_ACTIVE_ARCH = YES;
				PRODUCT_NAME = "$(TARGET_NAME)";
				SDKROOT = macosx;
			};
			name = Debug;
		};
		C01FCF5008A954540054247B /* Release */ = {
			isa = XCBuildConfiguration;
			buildSettings = {
				CLANG_CXX_LANGUAGE_STANDARD = "c++0x";
				CLANG_CXX_LIBRARY = "libc++";
				GCC_WARN_ABOUT_RETURN_TYPE = YES;
				GCC_WARN_UNUSED_VARIABLE = YES;
				HEADER_SEARCH_PATHS = (
					"$(SRCROOT)/../cocos2d",
					"$(SRCROOT)/../cocos2d/cocos/audio/include",
					"$(SRCROOT)/../cocos2d/cocos",
					"$(SRCROOT)/../cocos2d/extensions",
					"$(SRCROOT)/../cocos2d/external",
					"$(SRCROOT)/../cocos2d/external/chipmunk/include/chipmunk",
					"$(SRCROOT)/../cocos2d/cocos/editor-support",
				);
				IPHONEOS_DEPLOYMENT_TARGET = 6.0;
				MACOSX_DEPLOYMENT_TARGET = 10.7;
				OTHER_CFLAGS = "-DNS_BLOCK_ASSERTIONS=1";
				PRODUCT_NAME = "$(TARGET_NAME)";
				SDKROOT = macosx;
				VALIDATE_PRODUCT = YES;
			};
			name = Release;
		};
/* End XCBuildConfiguration section */

/* Begin XCConfigurationList section */
		1D6058960D05DD3E006BFB54 /* Build configuration list for PBXNativeTarget "foolishHero-mobile" */ = {
			isa = XCConfigurationList;
			buildConfigurations = (
				1D6058940D05DD3E006BFB54 /* Debug */,
				1D6058950D05DD3E006BFB54 /* Release */,
			);
			defaultConfigurationIsVisible = 0;
			defaultConfigurationName = Debug;
		};
		5087E76C17EB910900C73F5D /* Build configuration list for PBXNativeTarget "foolishHero-desktop" */ = {
			isa = XCConfigurationList;
			buildConfigurations = (
				5087E76D17EB910900C73F5D /* Debug */,
				5087E76E17EB910900C73F5D /* Release */,
			);
			defaultConfigurationIsVisible = 0;
			defaultConfigurationName = Debug;
		};
		C01FCF4E08A954540054247B /* Build configuration list for PBXProject "foolishHero" */ = {
			isa = XCConfigurationList;
			buildConfigurations = (
				C01FCF4F08A954540054247B /* Debug */,
				C01FCF5008A954540054247B /* Release */,
			);
			defaultConfigurationIsVisible = 0;
			defaultConfigurationName = Debug;
		};
/* End XCConfigurationList section */
	};
	rootObject = 29B97313FDCFA39411CA2CEA /* Project object */;
}
